<Solution>
  <Folder Name="/src/" />

  <!-- Program slices -->
  <Folder Name="/src/Program/">
    <Project Path="src/Program/Aletheia.Sdk.Program.csproj" />
  </Folder>
  <Folder Name="/src/Capabilities/">
    <Project Path="src/Capabilities/Aletheia.Sdk.Program.Capabilities.csproj" />
  </Folder>
  <Folder Name="/src/Entities/">
    <Project Path="src/Entities/Aletheia.Sdk.Program.Entities.csproj" />
  </Folder>

  <!-- Test projects -->
  <Folder Name="/tests/" />
  <Folder Name="/tests/Capabilities.Tests/">
    <Project Path="tests/Capabilities.Tests/Aletheia.Sdk.Program.Capabilities.Tests.csproj" />
  </Folder>
  <Folder Name="/tests/Entities.Tests/">
    <Project Path="tests/Entities.Tests/Aletheia.Sdk.Program.Entities.Tests.csproj" />
  </Folder>
  <Folder Name="/tests/Program.Tests/">
    <Project Path="tests/Program.Tests/Aletheia.Sdk.Program.Tests.csproj" />
  </Folder>
  <Folder Name="/tests/Bruno.Tests/">
    <Project Path="tests/Bruno.Tests/Aletheia.Sdk.Program.Bruno.Tests.csproj" />
  </Folder>

  <!-- Aletheia SDK projects (referenced from sibling Aletheia repository) -->
  <Folder Name="/sdk/Aspects/">
    <Project Path="../../Aletheia/SDK/src/Aspects/Aletheia.Sdk.Aspects.csproj" />
  </Folder>
  <Folder Name="/sdk/Aspects.Abstractions/">
    <Project Path="../../Aletheia/SDK/src/Aspects.Abstractions/Aletheia.Sdk.Aspects.Abstractions.csproj" />
  </Folder>
  <Folder Name="/sdk/Aspects.Entity/">
    <Project Path="../../Aletheia/SDK/src/Aspects.Entity/Aletheia.Sdk.Aspects.Entity.csproj" />
  </Folder>
  <Folder Name="/sdk/Authorization/">
    <Project Path="../../Aletheia/SDK/src/Authorization/Aletheia.Sdk.Authorization.csproj" />
  </Folder>
  <Folder Name="/sdk/Authorization.Entity/">
    <Project Path="../../Aletheia/SDK/src/Authorization.Entity/Aletheia.Sdk.Authorization.Entity.csproj" />
  </Folder>
  <Folder Name="/sdk/Authorization.Http/">
    <Project Path="../../Aletheia/SDK/src/Authorization.Http/Aletheia.Sdk.Authorization.Http.csproj" />
  </Folder>
  <Folder Name="/sdk/Branch/">
    <Project Path="../../Aletheia/SDK/src/Branch/Aletheia.Sdk.Branch.csproj" />
  </Folder>
  <Folder Name="/sdk/Branch.Http/">
    <Project Path="../../Aletheia/SDK/src/Branch.Http/Aletheia.Sdk.Branch.Http.csproj" />
  </Folder>
  <Folder Name="/sdk/Capability/">
    <Project Path="../../Aletheia/SDK/src/Capability/Aletheia.Sdk.Capability.csproj" />
  </Folder>
  <Folder Name="/sdk/Capability.Entity/">
    <Project Path="../../Aletheia/SDK/src/Capability.Entity/Aletheia.Sdk.Capability.Entity.csproj" />
  </Folder>
  <Folder Name="/sdk/Capability.Http/">
    <Project Path="../../Aletheia/SDK/src/Capability.Http/Aletheia.Sdk.Capability.Http.csproj" />
  </Folder>
  <Folder Name="/sdk/Capability.Messaging/">
    <Project Path="../../Aletheia/SDK/src/Capability.Messaging/Aletheia.Sdk.Capability.Messaging.csproj" />
  </Folder>
  <Folder Name="/sdk/Entity/">
    <Project Path="../../Aletheia/SDK/src/Entity/Aletheia.Sdk.Entity.csproj" />
  </Folder>
  <Folder Name="/sdk/Entity.Entity/">
    <Project Path="../../Aletheia/SDK/src/Entity.Entity/Aletheia.Sdk.Entity.Entity.csproj" />
  </Folder>
  <Folder Name="/sdk/Entity.Messaging/">
    <Project Path="../../Aletheia/SDK/src/Entity.Messaging/Aletheia.Sdk.Entity.Messaging.csproj" />
  </Folder>
  <Folder Name="/sdk/Execution/">
    <Project Path="../../Aletheia/SDK/src/Execution/Aletheia.Sdk.Execution.csproj" />
  </Folder>
  <Folder Name="/sdk/Messaging/">
    <Project Path="../../Aletheia/SDK/src/Messaging/Aletheia.Sdk.Messaging.csproj" />
  </Folder>
  <Folder Name="/sdk/Messaging.InMemory/">
    <Project Path="../../Aletheia/SDK/src/Messaging.InMemory/Aletheia.Sdk.Messaging.InMemory.csproj" />
  </Folder>
  <Folder Name="/sdk/ObjectStorage/">
    <Project Path="../../Aletheia/SDK/src/ObjectStorage/Aletheia.Sdk.ObjectStorage.csproj" />
  </Folder>
  <Folder Name="/sdk/ObjectStorage.Http/">
    <Project Path="../../Aletheia/SDK/src/ObjectStorage.Http/Aletheia.Sdk.ObjectStorage.Http.csproj" />
  </Folder>
  <Folder Name="/sdk/ObjectStorage.InMemory/">
    <Project Path="../../Aletheia/SDK/src/ObjectStorage.InMemory/Aletheia.Sdk.ObjectStorage.InMemory.csproj" />
  </Folder>
  <Folder Name="/sdk/Operations/">
    <Project Path="../../Aletheia/SDK/src/Operations/Aletheia.Sdk.Operations.csproj" />
  </Folder>
  <Folder Name="/sdk/Operations.Http/">
    <Project Path="../../Aletheia/SDK/src/Operations.Http/Aletheia.Sdk.Operations.Http.csproj" />
  </Folder>
  <Folder Name="/sdk/Repository/">
    <Project Path="../../Aletheia/SDK/src/Repository/Aletheia.Sdk.Repository.csproj" />
  </Folder>
  <Folder Name="/sdk/Repository.InMemory/">
    <Project Path="../../Aletheia/SDK/src/Repository.InMemory/Aletheia.Sdk.Repository.InMemory.csproj" />
  </Folder>
  <Folder Name="/sdk/Structure/">
    <Project Path="../../Aletheia/SDK/src/Structure/Aletheia.Sdk.Structure.csproj" />
  </Folder>
</Solution>
