<Solution>
  <Folder Name="/src/" />

  <!-- Program slices -->
  <Folder Name="/src/Program/">
    <Project Path="src/Program/Homestia.Program.csproj" />
  </Folder>
  <Folder Name="/src/Capabilities/">
    <Project Path="src/Capabilities/Homestia.Capabilities.csproj" />
  </Folder>
  <Folder Name="/src/Entities/">
    <Project Path="src/Entities/Homestia.Entities.csproj" />
  </Folder>
  <Folder Name="/src/Web/">
    <Project Path="src/Web/Homestia.Web.csproj" />
  </Folder>

  <!-- Test projects -->
  <Folder Name="/tests/" />
  <Folder Name="/tests/Capabilities.Tests/">
    <Project Path="tests/Capabilities.Tests/Homestia.Capabilities.Tests.csproj" />
  </Folder>
  <Folder Name="/tests/Entities.Tests/">
    <Project Path="tests/Entities.Tests/Homestia.Entities.Tests.csproj" />
  </Folder>
  <Folder Name="/tests/Program.Tests/">
    <Project Path="tests/Program.Tests/Homestia.Tests.csproj" />
  </Folder>
  <Folder Name="/tests/Bruno.Tests/">
    <Project Path="tests/Bruno.Tests/Homestia.Bruno.Tests.csproj" />
  </Folder>

</Solution>
